// !$*UTF8*$!
{
	archiveVersion = 1;
	classes = {
	};
	objectVersion = 48;
	objects = {

/* Begin PBXBuildFile section */
		7F05DB1E1F9EBF7000A66B92 /* PushUpViewController.swift in Sources */ = {isa = PBXBuildFile; fileRef = 7F05DB1D1F9EBF7000A66B92 /* PushUpViewController.swift */; };
		7F8101521FB13459005ECE4E /* ScoresTableViewController.swift in Sources */ = {isa = PBXBuildFile; fileRef = 7F8101511FB13459005ECE4E /* ScoresTableViewController.swift */; };
		7FAAE4911FBA6442004F1339 /* Gym.swift in Sources */ = {isa = PBXBuildFile; fileRef = 7FAAE4901FBA6442004F1339 /* Gym.swift */; };
		7FAAE4931FBA6513004F1339 /* GymFinder.swift in Sources */ = {isa = PBXBuildFile; fileRef = 7FAAE4921FBA6513004F1339 /* GymFinder.swift */; };
		7FAAE4951FBA6DE5004F1339 /* GymsTableViewController.swift in Sources */ = {isa = PBXBuildFile; fileRef = 7FAAE4941FBA6DE5004F1339 /* GymsTableViewController.swift */; };
		7FAAE4971FBA79A2004F1339 /* GymTableViewCell.swift in Sources */ = {isa = PBXBuildFile; fileRef = 7FAAE4961FBA79A2004F1339 /* GymTableViewCell.swift */; };
		7FAAE4991FBA7CE4004F1339 /* UIImageViewExtension.swift in Sources */ = {isa = PBXBuildFile; fileRef = 7FAAE4981FBA7CE4004F1339 /* UIImageViewExtension.swift */; };
		7FBAAA8E1FC3B5EC00618AE9 /* FoursquareStructs.swift in Sources */ = {isa = PBXBuildFile; fileRef = 7FBAAA8D1FC3B5EC00618AE9 /* FoursquareStructs.swift */; };
		7FD9ABB61F95807400664F2F /* AppDelegate.swift in Sources */ = {isa = PBXBuildFile; fileRef = 7FD9ABB51F95807400664F2F /* AppDelegate.swift */; };
		7FD9ABB81F95807400664F2F /* MenuViewController.swift in Sources */ = {isa = PBXBuildFile; fileRef = 7FD9ABB71F95807400664F2F /* MenuViewController.swift */; };
		7FD9ABBB1F95807400664F2F /* Main.storyboard in Resources */ = {isa = PBXBuildFile; fileRef = 7FD9ABB91F95807400664F2F /* Main.storyboard */; };
		7FD9ABBD1F95807400664F2F /* Assets.xcassets in Resources */ = {isa = PBXBuildFile; fileRef = 7FD9ABBC1F95807400664F2F /* Assets.xcassets */; };
		7FD9ABC01F95807400664F2F /* LaunchScreen.storyboard in Resources */ = {isa = PBXBuildFile; fileRef = 7FD9ABBE1F95807400664F2F /* LaunchScreen.storyboard */; };
		7FDEF19D1FA7E430001A8366 /* Workout.swift in Sources */ = {isa = PBXBuildFile; fileRef = 7FDEF19C1FA7E430001A8366 /* Workout.swift */; };
		7FDEF1A31FA7E718001A8366 /* Persistance.swift in Sources */ = {isa = PBXBuildFile; fileRef = 7FDEF1A21FA7E718001A8366 /* Persistance.swift */; };
		A6F187DB5DA7AC59352AC785 /* Pods_pushuptracker17.framework in Frameworks */ = {isa = PBXBuildFile; fileRef = 27FE206CAF082FE07C1CAE11 /* Pods_pushuptracker17.framework */; };
/* End PBXBuildFile section */

/* Begin PBXFileReference section */
		27FE206CAF082FE07C1CAE11 /* Pods_pushuptracker17.framework */ = {isa = PBXFileReference; explicitFileType = wrapper.framework; includeInIndex = 0; path = Pods_pushuptracker17.framework; sourceTree = BUILT_PRODUCTS_DIR; };
		742A045E6744D3B220561CF8 /* Pods-pushuptracker17.release.xcconfig */ = {isa = PBXFileReference; includeInIndex = 1; lastKnownFileType = text.xcconfig; name = "Pods-pushuptracker17.release.xcconfig"; path = "Pods/Target Support Files/Pods-pushuptracker17/Pods-pushuptracker17.release.xcconfig"; sourceTree = "<group>"; };
		7F05DB1D1F9EBF7000A66B92 /* PushUpViewController.swift */ = {isa = PBXFileReference; lastKnownFileType = sourcecode.swift; path = PushUpViewController.swift; sourceTree = "<group>"; };
		7F8101511FB13459005ECE4E /* ScoresTableViewController.swift */ = {isa = PBXFileReference; lastKnownFileType = sourcecode.swift; path = ScoresTableViewController.swift; sourceTree = "<group>"; };
		7FAAE4901FBA6442004F1339 /* Gym.swift */ = {isa = PBXFileReference; lastKnownFileType = sourcecode.swift; path = Gym.swift; sourceTree = "<group>"; };
		7FAAE4921FBA6513004F1339 /* GymFinder.swift */ = {isa = PBXFileReference; lastKnownFileType = sourcecode.swift; path = GymFinder.swift; sourceTree = "<group>"; };
		7FAAE4941FBA6DE5004F1339 /* GymsTableViewController.swift */ = {isa = PBXFileReference; lastKnownFileType = sourcecode.swift; path = GymsTableViewController.swift; sourceTree = "<group>"; };
		7FAAE4961FBA79A2004F1339 /* GymTableViewCell.swift */ = {isa = PBXFileReference; lastKnownFileType = sourcecode.swift; path = GymTableViewCell.swift; sourceTree = "<group>"; };
		7FAAE4981FBA7CE4004F1339 /* UIImageViewExtension.swift */ = {isa = PBXFileReference; lastKnownFileType = sourcecode.swift; path = UIImageViewExtension.swift; sourceTree = "<group>"; };
		7FBAAA8D1FC3B5EC00618AE9 /* FoursquareStructs.swift */ = {isa = PBXFileReference; lastKnownFileType = sourcecode.swift; path = FoursquareStructs.swift; sourceTree = "<group>"; };
		7FD9ABB21F95807400664F2F /* pushuptracker17.app */ = {isa = PBXFileReference; explicitFileType = wrapper.application; includeInIndex = 0; path = pushuptracker17.app; sourceTree = BUILT_PRODUCTS_DIR; };
		7FD9ABB51F95807400664F2F /* AppDelegate.swift */ = {isa = PBXFileReference; lastKnownFileType = sourcecode.swift; path = AppDelegate.swift; sourceTree = "<group>"; };
		7FD9ABB71F95807400664F2F /* MenuViewController.swift */ = {isa = PBXFileReference; lastKnownFileType = sourcecode.swift; path = MenuViewController.swift; sourceTree = "<group>"; };
		7FD9ABBA1F95807400664F2F /* Base */ = {isa = PBXFileReference; lastKnownFileType = file.storyboard; name = Base; path = Base.lproj/Main.storyboard; sourceTree = "<group>"; };
		7FD9ABBC1F95807400664F2F /* Assets.xcassets */ = {isa = PBXFileReference; lastKnownFileType = folder.assetcatalog; path = Assets.xcassets; sourceTree = "<group>"; };
		7FD9ABBF1F95807400664F2F /* Base */ = {isa = PBXFileReference; lastKnownFileType = file.storyboard; name = Base; path = Base.lproj/LaunchScreen.storyboard; sourceTree = "<group>"; };
		7FD9ABC11F95807400664F2F /* Info.plist */ = {isa = PBXFileReference; lastKnownFileType = text.plist.xml; path = Info.plist; sourceTree = "<group>"; };
		7FDEF19C1FA7E430001A8366 /* Workout.swift */ = {isa = PBXFileReference; lastKnownFileType = sourcecode.swift; path = Workout.swift; sourceTree = "<group>"; };
		7FDEF1A21FA7E718001A8366 /* Persistance.swift */ = {isa = PBXFileReference; lastKnownFileType = sourcecode.swift; path = Persistance.swift; sourceTree = "<group>"; };
		95250AA1D30AE33E36C91FEB /* Pods-pushuptracker17.debug.xcconfig */ = {isa = PBXFileReference; includeInIndex = 1; lastKnownFileType = text.xcconfig; name = "Pods-pushuptracker17.debug.xcconfig"; path = "Pods/Target Support Files/Pods-pushuptracker17/Pods-pushuptracker17.debug.xcconfig"; sourceTree = "<group>"; };
/* End PBXFileReference section */

/* Begin PBXFrameworksBuildPhase section */
		7FD9ABAF1F95807400664F2F /* Frameworks */ = {
			isa = PBXFrameworksBuildPhase;
			buildActionMask = 2147483647;
			files = (
				A6F187DB5DA7AC59352AC785 /* Pods_pushuptracker17.framework in Frameworks */,
			);
			runOnlyForDeploymentPostprocessing = 0;
		};
/* End PBXFrameworksBuildPhase section */

/* Begin PBXGroup section */
		256E2B95A8D8C42D27D0EB0E /* Pods */ = {
			isa = PBXGroup;
			children = (
				95250AA1D30AE33E36C91FEB /* Pods-pushuptracker17.debug.xcconfig */,
				742A045E6744D3B220561CF8 /* Pods-pushuptracker17.release.xcconfig */,
			);
			name = Pods;
			sourceTree = "<group>";
		};
		2D576D1D7DCCC9DDD49FEE71 /* Frameworks */ = {
			isa = PBXGroup;
			children = (
				27FE206CAF082FE07C1CAE11 /* Pods_pushuptracker17.framework */,
			);
			name = Frameworks;
			sourceTree = "<group>";
		};
		7FBAAA8C1FC3B5C200618AE9 /* codable */ = {
			isa = PBXGroup;
			children = (
				7FBAAA8D1FC3B5EC00618AE9 /* FoursquareStructs.swift */,
			);
			path = codable;
			sourceTree = "<group>";
		};
		7FD9ABA91F95807300664F2F = {
			isa = PBXGroup;
			children = (
				7FD9ABB41F95807400664F2F /* pushuptracker17 */,
				7FD9ABB31F95807400664F2F /* Products */,
				256E2B95A8D8C42D27D0EB0E /* Pods */,
				2D576D1D7DCCC9DDD49FEE71 /* Frameworks */,
			);
			sourceTree = "<group>";
		};
		7FD9ABB31F95807400664F2F /* Products */ = {
			isa = PBXGroup;
			children = (
				7FD9ABB21F95807400664F2F /* pushuptracker17.app */,
			);
			name = Products;
			sourceTree = "<group>";
		};
		7FD9ABB41F95807400664F2F /* pushuptracker17 */ = {
			isa = PBXGroup;
			children = (
				7FD9ABB51F95807400664F2F /* AppDelegate.swift */,
				7FD9ABC11F95807400664F2F /* Info.plist */,
				7FDEF1A11FA7E6F8001A8366 /* utils */,
				7FDEF1A01FA7E6AE001A8366 /* models */,
				7FDEF19F1FA7E699001A8366 /* views */,
				7FDEF19E1FA7E678001A8366 /* view controllers */,
			);
			path = pushuptracker17;
			sourceTree = "<group>";
		};
		7FDEF19E1FA7E678001A8366 /* view controllers */ = {
			isa = PBXGroup;
			children = (
				7FD9ABB71F95807400664F2F /* MenuViewController.swift */,
				7F05DB1D1F9EBF7000A66B92 /* PushUpViewController.swift */,
				7F8101511FB13459005ECE4E /* ScoresTableViewController.swift */,
				7FAAE4941FBA6DE5004F1339 /* GymsTableViewController.swift */,
			);
			path = "view controllers";
			sourceTree = "<group>";
		};
		7FDEF19F1FA7E699001A8366 /* views */ = {
			isa = PBXGroup;
			children = (
				7FD9ABBE1F95807400664F2F /* LaunchScreen.storyboard */,
				7FD9ABB91F95807400664F2F /* Main.storyboard */,
				7FD9ABBC1F95807400664F2F /* Assets.xcassets */,
				7FAAE4961FBA79A2004F1339 /* GymTableViewCell.swift */,
			);
			path = views;
			sourceTree = "<group>";
		};
		7FDEF1A01FA7E6AE001A8366 /* models */ = {
			isa = PBXGroup;
			children = (
				7FBAAA8C1FC3B5C200618AE9 /* codable */,
				7FDEF19C1FA7E430001A8366 /* Workout.swift */,
				7FAAE4901FBA6442004F1339 /* Gym.swift */,
			);
			path = models;
			sourceTree = "<group>";
		};
		7FDEF1A11FA7E6F8001A8366 /* utils */ = {
			isa = PBXGroup;
			children = (
				7FDEF1A21FA7E718001A8366 /* Persistance.swift */,
				7FAAE4921FBA6513004F1339 /* GymFinder.swift */,
				7FAAE4981FBA7CE4004F1339 /* UIImageViewExtension.swift */,
			);
			path = utils;
			sourceTree = "<group>";
		};
/* End PBXGroup section */

/* Begin PBXNativeTarget section */
		7FD9ABB11F95807400664F2F /* pushuptracker17 */ = {
			isa = PBXNativeTarget;
			buildConfigurationList = 7FD9ABC41F95807400664F2F /* Build configuration list for PBXNativeTarget "pushuptracker17" */;
			buildPhases = (
				0CE0EC73A562E02DE080AD2D /* [CP] Check Pods Manifest.lock */,
				7FD9ABAE1F95807400664F2F /* Sources */,
				7FD9ABAF1F95807400664F2F /* Frameworks */,
				7FD9ABB01F95807400664F2F /* Resources */,
				8850CEB82E90536AEAAD070A /* [CP] Embed Pods Frameworks */,
				EE9F83A14E4CE5AA5FB69916 /* [CP] Copy Pods Resources */,
			);
			buildRules = (
			);
			dependencies = (
			);
			name = pushuptracker17;
			productName = pushuptracker17;
			productReference = 7FD9ABB21F95807400664F2F /* pushuptracker17.app */;
			productType = "com.apple.product-type.application";
		};
/* End PBXNativeTarget section */

/* Begin PBXProject section */
		7FD9ABAA1F95807400664F2F /* Project object */ = {
			isa = PBXProject;
			attributes = {
				LastSwiftUpdateCheck = 0900;
				LastUpgradeCheck = 0900;
				ORGANIZATIONNAME = gwu;
				TargetAttributes = {
					7FD9ABB11F95807400664F2F = {
						CreatedOnToolsVersion = 9.0;
						ProvisioningStyle = Automatic;
					};
				};
			};
			buildConfigurationList = 7FD9ABAD1F95807400664F2F /* Build configuration list for PBXProject "pushuptracker17" */;
			compatibilityVersion = "Xcode 8.0";
			developmentRegion = en;
			hasScannedForEncodings = 0;
			knownRegions = (
				en,
				Base,
			);
			mainGroup = 7FD9ABA91F95807300664F2F;
			productRefGroup = 7FD9ABB31F95807400664F2F /* Products */;
			projectDirPath = "";
			projectRoot = "";
			targets = (
				7FD9ABB11F95807400664F2F /* pushuptracker17 */,
			);
		};
/* End PBXProject section */

/* Begin PBXResourcesBuildPhase section */
		7FD9ABB01F95807400664F2F /* Resources */ = {
			isa = PBXResourcesBuildPhase;
			buildActionMask = 2147483647;
			files = (
				7FD9ABC01F95807400664F2F /* LaunchScreen.storyboard in Resources */,
				7FD9ABBD1F95807400664F2F /* Assets.xcassets in Resources */,
				7FD9ABBB1F95807400664F2F /* Main.storyboard in Resources */,
			);
			runOnlyForDeploymentPostprocessing = 0;
		};
/* End PBXResourcesBuildPhase section */

/* Begin PBXShellScriptBuildPhase section */
		0CE0EC73A562E02DE080AD2D /* [CP] Check Pods Manifest.lock */ = {
			isa = PBXShellScriptBuildPhase;
			buildActionMask = 2147483647;
			files = (
			);
			inputPaths = (
				"${PODS_PODFILE_DIR_PATH}/Podfile.lock",
				"${PODS_ROOT}/Manifest.lock",
			);
			name = "[CP] Check Pods Manifest.lock";
			outputPaths = (
				"$(DERIVED_FILE_DIR)/Pods-pushuptracker17-checkManifestLockResult.txt",
			);
			runOnlyForDeploymentPostprocessing = 0;
			shellPath = /bin/sh;
			shellScript = "diff \"${PODS_PODFILE_DIR_PATH}/Podfile.lock\" \"${PODS_ROOT}/Manifest.lock\" > /dev/null\nif [ $? != 0 ] ; then\n    # print error to STDERR\n    echo \"error: The sandbox is not in sync with the Podfile.lock. Run 'pod install' or update your CocoaPods installation.\" >&2\n    exit 1\nfi\n# This output is used by Xcode 'outputs' to avoid re-running this script phase.\necho \"SUCCESS\" > \"${SCRIPT_OUTPUT_FILE_0}\"\n";
			showEnvVarsInLog = 0;
		};
		8850CEB82E90536AEAAD070A /* [CP] Embed Pods Frameworks */ = {
			isa = PBXShellScriptBuildPhase;
			buildActionMask = 2147483647;
			files = (
			);
			inputPaths = (
				"${SRCROOT}/Pods/Target Support Files/Pods-pushuptracker17/Pods-pushuptracker17-frameworks.sh",
				"${BUILT_PRODUCTS_DIR}/MBProgressHUD/MBProgressHUD.framework",
			);
			name = "[CP] Embed Pods Frameworks";
			outputPaths = (
				"${TARGET_BUILD_DIR}/${FRAMEWORKS_FOLDER_PATH}/MBProgressHUD.framework",
			);
			runOnlyForDeploymentPostprocessing = 0;
			shellPath = /bin/sh;
			shellScript = "\"${SRCROOT}/Pods/Target Support Files/Pods-pushuptracker17/Pods-pushuptracker17-frameworks.sh\"\n";
			showEnvVarsInLog = 0;
		};
		EE9F83A14E4CE5AA5FB69916 /* [CP] Copy Pods Resources */ = {
			isa = PBXShellScriptBuildPhase;
			buildActionMask = 2147483647;
			files = (
			);
			inputPaths = (
			);
			name = "[CP] Copy Pods Resources";
			outputPaths = (
			);
			runOnlyForDeploymentPostprocessing = 0;
			shellPath = /bin/sh;
			shellScript = "\"${SRCROOT}/Pods/Target Support Files/Pods-pushuptracker17/Pods-pushuptracker17-resources.sh\"\n";
			showEnvVarsInLog = 0;
		};
/* End PBXShellScriptBuildPhase section */

/* Begin PBXSourcesBuildPhase section */
		7FD9ABAE1F95807400664F2F /* Sources */ = {
			isa = PBXSourcesBuildPhase;
			buildActionMask = 2147483647;
			files = (
				7FD9ABB81F95807400664F2F /* MenuViewController.swift in Sources */,
				7FD9ABB61F95807400664F2F /* AppDelegate.swift in Sources */,
				7F8101521FB13459005ECE4E /* ScoresTableViewController.swift in Sources */,
				7FBAAA8E1FC3B5EC00618AE9 /* FoursquareStructs.swift in Sources */,
				7F05DB1E1F9EBF7000A66B92 /* PushUpViewController.swift in Sources */,
				7FAAE4951FBA6DE5004F1339 /* GymsTableViewController.swift in Sources */,
				7FAAE4911FBA6442004F1339 /* Gym.swift in Sources */,
				7FAAE4991FBA7CE4004F1339 /* UIImageViewExtension.swift in Sources */,
				7FDEF1A31FA7E718001A8366 /* Persistance.swift in Sources */,
				7FAAE4971FBA79A2004F1339 /* GymTableViewCell.swift in Sources */,
				7FDEF19D1FA7E430001A8366 /* Workout.swift in Sources */,
				7FAAE4931FBA6513004F1339 /* GymFinder.swift in Sources */,
			);
			runOnlyForDeploymentPostprocessing = 0;
		};
/* End PBXSourcesBuildPhase section */

/* Begin PBXVariantGroup section */
		7FD9ABB91F95807400664F2F /* Main.storyboard */ = {
			isa = PBXVariantGroup;
			children = (
				7FD9ABBA1F95807400664F2F /* Base */,
			);
			name = Main.storyboard;
			sourceTree = "<group>";
		};
		7FD9ABBE1F95807400664F2F /* LaunchScreen.storyboard */ = {
			isa = PBXVariantGroup;
			children = (
				7FD9ABBF1F95807400664F2F /* Base */,
			);
			name = LaunchScreen.storyboard;
			sourceTree = "<group>";
		};
/* End PBXVariantGroup section */

/* Begin XCBuildConfiguration section */
		7FD9ABC21F95807400664F2F /* Debug */ = {
			isa = XCBuildConfiguration;
			buildSettings = {
				ALWAYS_SEARCH_USER_PATHS = NO;
				CLANG_ANALYZER_NONNULL = YES;
				CLANG_ANALYZER_NUMBER_OBJECT_CONVERSION = YES_AGGRESSIVE;
				CLANG_CXX_LANGUAGE_STANDARD = "gnu++14";
				CLANG_CXX_LIBRARY = "libc++";
				CLANG_ENABLE_MODULES = YES;
				CLANG_ENABLE_OBJC_ARC = YES;
				CLANG_WARN_BLOCK_CAPTURE_AUTORELEASING = YES;
				CLANG_WARN_BOOL_CONVERSION = YES;
				CLANG_WARN_COMMA = YES;
				CLANG_WARN_CONSTANT_CONVERSION = YES;
				CLANG_WARN_DIRECT_OBJC_ISA_USAGE = YES_ERROR;
				CLANG_WARN_DOCUMENTATION_COMMENTS = YES;
				CLANG_WARN_EMPTY_BODY = YES;
				CLANG_WARN_ENUM_CONVERSION = YES;
				CLANG_WARN_INFINITE_RECURSION = YES;
				CLANG_WARN_INT_CONVERSION = YES;
				CLANG_WARN_NON_LITERAL_NULL_CONVERSION = YES;
				CLANG_WARN_OBJC_LITERAL_CONVERSION = YES;
				CLANG_WARN_OBJC_ROOT_CLASS = YES_ERROR;
				CLANG_WARN_RANGE_LOOP_ANALYSIS = YES;
				CLANG_WARN_STRICT_PROTOTYPES = YES;
				CLANG_WARN_SUSPICIOUS_MOVE = YES;
				CLANG_WARN_UNGUARDED_AVAILABILITY = YES_AGGRESSIVE;
				CLANG_WARN_UNREACHABLE_CODE = YES;
				CLANG_WARN__DUPLICATE_METHOD_MATCH = YES;
				CODE_SIGN_IDENTITY = "iPhone Developer";
				COPY_PHASE_STRIP = NO;
				DEBUG_INFORMATION_FORMAT = dwarf;
				ENABLE_STRICT_OBJC_MSGSEND = YES;
				ENABLE_TESTABILITY = YES;
				GCC_C_LANGUAGE_STANDARD = gnu11;
				GCC_DYNAMIC_NO_PIC = NO;
				GCC_NO_COMMON_BLOCKS = YES;
				GCC_OPTIMIZATION_LEVEL = 0;
				GCC_PREPROCESSOR_DEFINITIONS = (
					"DEBUG=1",
					"$(inherited)",
				);
				GCC_WARN_64_TO_32_BIT_CONVERSION = YES;
				GCC_WARN_ABOUT_RETURN_TYPE = YES_ERROR;
				GCC_WARN_UNDECLARED_SELECTOR = YES;
				GCC_WARN_UNINITIALIZED_AUTOS = YES_AGGRESSIVE;
				GCC_WARN_UNUSED_FUNCTION = YES;
				GCC_WARN_UNUSED_VARIABLE = YES;
				IPHONEOS_DEPLOYMENT_TARGET = 11.0;
				MTL_ENABLE_DEBUG_INFO = YES;
				ONLY_ACTIVE_ARCH = YES;
				SDKROOT = iphoneos;
				SWIFT_ACTIVE_COMPILATION_CONDITIONS = DEBUG;
				SWIFT_OPTIMIZATION_LEVEL = "-Onone";
			};
			name = Debug;
		};
		7FD9ABC31F95807400664F2F /* Release */ = {
			isa = XCBuildConfiguration;
			buildSettings = {
				ALWAYS_SEARCH_USER_PATHS = NO;
				CLANG_ANALYZER_NONNULL = YES;
				CLANG_ANALYZER_NUMBER_OBJECT_CONVERSION = YES_AGGRESSIVE;
				CLANG_CXX_LANGUAGE_STANDARD = "gnu++14";
				CLANG_CXX_LIBRARY = "libc++";
				CLANG_ENABLE_MODULES = YES;
				CLANG_ENABLE_OBJC_ARC = YES;
				CLANG_WARN_BLOCK_CAPTURE_AUTORELEASING = YES;
				CLANG_WARN_BOOL_CONVERSION = YES;
				CLANG_WARN_COMMA = YES;
				CLANG_WARN_CONSTANT_CONVERSION = YES;
				CLANG_WARN_DIRECT_OBJC_ISA_USAGE = YES_ERROR;
				CLANG_WARN_DOCUMENTATION_COMMENTS = YES;
				CLANG_WARN_EMPTY_BODY = YES;
				CLANG_WARN_ENUM_CONVERSION = YES;
				CLANG_WARN_INFINITE_RECURSION = YES;
				CLANG_WARN_INT_CONVERSION = YES;
				CLANG_WARN_NON_LITERAL_NULL_CONVERSION = YES;
				CLANG_WARN_OBJC_LITERAL_CONVERSION = YES;
				CLANG_WARN_OBJC_ROOT_CLASS = YES_ERROR;
				CLANG_WARN_RANGE_LOOP_ANALYSIS = YES;
				CLANG_WARN_STRICT_PROTOTYPES = YES;
				CLANG_WARN_SUSPICIOUS_MOVE = YES;
				CLANG_WARN_UNGUARDED_AVAILABILITY = YES_AGGRESSIVE;
				CLANG_WARN_UNREACHABLE_CODE = YES;
				CLANG_WARN__DUPLICATE_METHOD_MATCH = YES;
				CODE_SIGN_IDENTITY = "iPhone Developer";
				COPY_PHASE_STRIP = NO;
				DEBUG_INFORMATION_FORMAT = "dwarf-with-dsym";
				ENABLE_NS_ASSERTIONS = NO;
				ENABLE_STRICT_OBJC_MSGSEND = YES;
				GCC_C_LANGUAGE_STANDARD = gnu11;
				GCC_NO_COMMON_BLOCKS = YES;
				GCC_WARN_64_TO_32_BIT_CONVERSION = YES;
				GCC_WARN_ABOUT_RETURN_TYPE = YES_ERROR;
				GCC_WARN_UNDECLARED_SELECTOR = YES;
				GCC_WARN_UNINITIALIZED_AUTOS = YES_AGGRESSIVE;
				GCC_WARN_UNUSED_FUNCTION = YES;
				GCC_WARN_UNUSED_VARIABLE = YES;
				IPHONEOS_DEPLOYMENT_TARGET = 11.0;
				MTL_ENABLE_DEBUG_INFO = NO;
				SDKROOT = iphoneos;
				SWIFT_OPTIMIZATION_LEVEL = "-Owholemodule";
				VALIDATE_PRODUCT = YES;
			};
			name = Release;
		};
		7FD9ABC51F95807400664F2F /* Debug */ = {
			isa = XCBuildConfiguration;
			baseConfigurationReference = 95250AA1D30AE33E36C91FEB /* Pods-pushuptracker17.debug.xcconfig */;
			buildSettings = {
				ASSETCATALOG_COMPILER_APPICON_NAME = AppIcon;
				CODE_SIGN_STYLE = Automatic;
				DEVELOPMENT_TEAM = 8H4L28J34V;
				INFOPLIST_FILE = pushuptracker17/Info.plist;
				LD_RUNPATH_SEARCH_PATHS = "$(inherited) @executable_path/Frameworks";
				PRODUCT_BUNDLE_IDENTIFIER = edu.gwu.pushuptracker17;
				PRODUCT_NAME = "$(TARGET_NAME)";
				SWIFT_VERSION = 4.0;
				TARGETED_DEVICE_FAMILY = "1,2";
			};
			name = Debug;
		};
		7FD9ABC61F95807400664F2F /* Release */ = {
			isa = XCBuildConfiguration;
			baseConfigurationReference = 742A045E6744D3B220561CF8 /* Pods-pushuptracker17.release.xcconfig */;
			buildSettings = {
				ASSETCATALOG_COMPILER_APPICON_NAME = AppIcon;
				CODE_SIGN_STYLE = Automatic;
				DEVELOPMENT_TEAM = 8H4L28J34V;
				INFOPLIST_FILE = pushuptracker17/Info.plist;
				LD_RUNPATH_SEARCH_PATHS = "$(inherited) @executable_path/Frameworks";
				PRODUCT_BUNDLE_IDENTIFIER = edu.gwu.pushuptracker17;
				PRODUCT_NAME = "$(TARGET_NAME)";
				SWIFT_VERSION = 4.0;
				TARGETED_DEVICE_FAMILY = "1,2";
			};
			name = Release;
		};
/* End XCBuildConfiguration section */

/* Begin XCConfigurationList section */
		7FD9ABAD1F95807400664F2F /* Build configuration list for PBXProject "pushuptracker17" */ = {
			isa = XCConfigurationList;
			buildConfigurations = (
				7FD9ABC21F95807400664F2F /* Debug */,
				7FD9ABC31F95807400664F2F /* Release */,
			);
			defaultConfigurationIsVisible = 0;
			defaultConfigurationName = Release;
		};
		7FD9ABC41F95807400664F2F /* Build configuration list for PBXNativeTarget "pushuptracker17" */ = {
			isa = XCConfigurationList;
			buildConfigurations = (
				7FD9ABC51F95807400664F2F /* Debug */,
				7FD9ABC61F95807400664F2F /* Release */,
			);
			defaultConfigurationIsVisible = 0;
			defaultConfigurationName = Release;
		};
/* End XCConfigurationList section */
	};
	rootObject = 7FD9ABAA1F95807400664F2F /* Project object */;
}
